{
  "originHash" : "18f137d7eb36660cf723cc5696bf09daf0ed0439fccd1f9e024fda5acf5b63b8",
  "pins" : [
    {
      "identity" : "heeler-overlay-natives",
      "kind" : "remoteSourceControl",
      "location" : "https://github.com/Ylarod/heeler-overlay-natives.git",
      "state" : {
        "revision" : "070bfa2ca443b854415851934962b4228698591c",
        "version" : "1.0.1"
      }
    },
    {
      "identity" : "libghostty-spm",
      "kind" : "remoteSourceControl",
      "location" : "https://github.com/Lakr233/libghostty-spm.git",
      "state" : {
        "revision" : "7e45d27160f9b34aca9ca5c9820e9207482f9f04"
      }
    },
    {
      "identity" : "msdisplaylink",
      "kind" : "remoteSourceControl",
      "location" : "https://github.com/Lakr233/MSDisplayLink.git",
      "state" : {
        "revision" : "87eb0af130744c8cbe2e31b6e1a5bcd659f1c220",
        "version" : "2.2.0"
      }
    }
  ],
  "version" : 3
}
